
Microsoft Visual Studio Solution File, Format Version 12.00
Project("{FAE04EC0-301F-11D3-BF4B-00C04F79EFBC}") = "CSharpEducation.Practice5", "CSharpEducation.Practice5\CSharpEducation.Practice5.csproj", "{04D6356D-ECF6-46A6-B2EF-B4F99BD83203}"
EndProject
Global
	GlobalSection(SolutionConfigurationPlatforms) = preSolution
		Debug|Any CPU = Debug|Any CPU
		Release|Any CPU = Release|Any CPU
	EndGlobalSection
	GlobalSection(ProjectConfigurationPlatforms) = postSolution
		{04D6356D-ECF6-46A6-B2EF-B4F99BD83203}.Debug|Any CPU.ActiveCfg = Debug|Any CPU
		{04D6356D-ECF6-46A6-B2EF-B4F99BD83203}.Debug|Any CPU.Build.0 = Debug|Any CPU
		{04D6356D-ECF6-46A6-B2EF-B4F99BD83203}.Release|Any CPU.ActiveCfg = Release|Any CPU
		{04D6356D-ECF6-46A6-B2EF-B4F99BD83203}.Release|Any CPU.Build.0 = Release|Any CPU
	EndGlobalSection
EndGlobal
